
Microsoft Visual Studio Solution File, Format Version 12.00
# Visual Studio Version 17
VisualStudioVersion = 17.7.34031.279
MinimumVisualStudioVersion = 10.0.40219.1
Project("{8BC9CEB8-8B4A-11D0-8D11-00A0C91BC942}") = "BACnetVirtualDevicesBBMDExampleCPP", "BACnetVirtualDevicesBBMDExampleCPP.vcxproj", "{BFCA4C96-2746-4F79-B5E3-7152B05E303E}"
EndProject
Global
	GlobalSection(SolutionConfigurationPlatforms) = preSolution
		Debug|x64 = Debug|x64
		Debug|x86 = Debug|x86
		DebugDll|x64 = DebugDll|x64
		DebugDll|x86 = DebugDll|x86
		DebugLib|x64 = DebugLib|x64
		DebugLib|x86 = DebugLib|x86
		Release|x64 = Release|x64
		Release|x86 = Release|x86
		ReleaseDll|x64 = ReleaseDll|x64
		ReleaseDll|x86 = ReleaseDll|x86
		ReleaseLib|x64 = ReleaseLib|x64
		ReleaseLib|x86 = ReleaseLib|x86
	EndGlobalSection
	GlobalSection(ProjectConfigurationPlatforms) = postSolution
		{BFCA4C96-2746-4F79-B5E3-7152B05E303E}.Debug|x64.ActiveCfg = Debug|x64
		{BFCA4C96-2746-4F79-B5E3-7152B05E303E}.Debug|x64.Build.0 = Debug|x64
		{BFCA4C96-2746-4F79-B5E3-7152B05E303E}.Debug|x86.ActiveCfg = Debug|Win32
		{BFCA4C96-2746-4F79-B5E3-7152B05E303E}.Debug|x86.Build.0 = Debug|Win32
		{BFCA4C96-2746-4F79-B5E3-7152B05E303E}.DebugDll|x64.ActiveCfg = Debug|x64
		{BFCA4C96-2746-4F79-B5E3-7152B05E303E}.DebugDll|x64.Build.0 = Debug|x64
		{BFCA4C96-2746-4F79-B5E3-7152B05E303E}.DebugDll|x86.ActiveCfg = Debug|Win32
		{BFCA4C96-2746-4F79-B5E3-7152B05E303E}.DebugDll|x86.Build.0 = Debug|Win32
		{BFCA4C96-2746-4F79-B5E3-7152B05E303E}.DebugLib|x64.ActiveCfg = Debug|x64
		{BFCA4C96-2746-4F79-B5E3-7152B05E303E}.DebugLib|x64.Build.0 = Debug|x64
		{BFCA4C96-2746-4F79-B5E3-7152B05E303E}.DebugLib|x86.ActiveCfg = Debug|Win32
		{BFCA4C96-2746-4F79-B5E3-7152B05E303E}.DebugLib|x86.Build.0 = Debug|Win32
		{BFCA4C96-2746-4F79-B5E3-7152B05E303E}.Release|x64.ActiveCfg = Release|x64
		{BFCA4C96-2746-4F79-B5E3-7152B05E303E}.Release|x64.Build.0 = Release|x64
		{BFCA4C96-2746-4F79-B5E3-7152B05E303E}.Release|x86.ActiveCfg = Release|Win32
		{BFCA4C96-2746-4F79-B5E3-7152B05E303E}.Release|x86.Build.0 = Release|Win32
		{BFCA4C96-2746-4F79-B5E3-7152B05E303E}.ReleaseDll|x64.ActiveCfg = Release|x64
		{BFCA4C96-2746-4F79-B5E3-7152B05E303E}.ReleaseDll|x64.Build.0 = Release|x64
		{BFCA4C96-2746-4F79-B5E3-7152B05E303E}.ReleaseDll|x86.ActiveCfg = Release|Win32
		{BFCA4C96-2746-4F79-B5E3-7152B05E303E}.ReleaseDll|x86.Build.0 = Release|Win32
		{BFCA4C96-2746-4F79-B5E3-7152B05E303E}.ReleaseLib|x64.ActiveCfg = Release|x64
		{BFCA4C96-2746-4F79-B5E3-7152B05E303E}.ReleaseLib|x64.Build.0 = Release|x64
		{BFCA4C96-2746-4F79-B5E3-7152B05E303E}.ReleaseLib|x86.ActiveCfg = Release|Win32
		{BFCA4C96-2746-4F79-B5E3-7152B05E303E}.ReleaseLib|x86.Build.0 = Release|Win32
	EndGlobalSection
	GlobalSection(SolutionProperties) = preSolution
		HideSolutionNode = FALSE
	EndGlobalSection
	GlobalSection(ExtensibilityGlobals) = postSolution
		SolutionGuid = {34AD8943-28A3-4060-9945-8A4CD409EC52}
	EndGlobalSection
EndGlobal
